// !$*UTF8*$!
{
	archiveVersion = 1;
	classes = {
	};
	objectVersion = 46;
	objects = {

/* Begin PBXBuildFile section */
		890D25E11DEFFDC4004B3A0E /* main.m in Sources */ = {isa = PBXBuildFile; fileRef = 890D25E01DEFFDC4004B3A0E /* main.m */; };
		890D25E41DEFFDC4004B3A0E /* AppDelegate.m in Sources */ = {isa = PBXBuildFile; fileRef = 890D25E31DEFFDC4004B3A0E /* AppDelegate.m */; };
		890D25E71DEFFDC4004B3A0E /* ViewController.m in Sources */ = {isa = PBXBuildFile; fileRef = 890D25E61DEFFDC4004B3A0E /* ViewController.m */; };
		890D25EA1DEFFDC4004B3A0E /* Main.storyboard in Resources */ = {isa = PBXBuildFile; fileRef = 890D25E81DEFFDC4004B3A0E /* Main.storyboard */; };
		890D25EC1DEFFDC4004B3A0E /* Assets.xcassets in Resources */ = {isa = PBXBuildFile; fileRef = 890D25EB1DEFFDC4004B3A0E /* Assets.xcassets */; };
		890D25EF1DEFFDC4004B3A0E /* LaunchScreen.storyboard in Resources */ = {isa = PBXBuildFile; fileRef = 890D25ED1DEFFDC4004B3A0E /* LaunchScreen.storyboard */; };
		890D25FA1DEFFDC4004B3A0E /* reBiliBiliTests.m in Sources */ = {isa = PBXBuildFile; fileRef = 890D25F91DEFFDC4004B3A0E /* reBiliBiliTests.m */; };
		890D26051DEFFDC4004B3A0E /* reBiliBiliUITests.m in Sources */ = {isa = PBXBuildFile; fileRef = 890D26041DEFFDC4004B3A0E /* reBiliBiliUITests.m */; };
/* End PBXBuildFile section */

/* Begin PBXContainerItemProxy section */
		890D25F61DEFFDC4004B3A0E /* PBXContainerItemProxy */ = {
			isa = PBXContainerItemProxy;
			containerPortal = 890D25D41DEFFDC4004B3A0E /* Project object */;
			proxyType = 1;
			remoteGlobalIDString = 890D25DB1DEFFDC4004B3A0E;
			remoteInfo = reBiliBili;
		};
		890D26011DEFFDC4004B3A0E /* PBXContainerItemProxy */ = {
			isa = PBXContainerItemProxy;
			containerPortal = 890D25D41DEFFDC4004B3A0E /* Project object */;
			proxyType = 1;
			remoteGlobalIDString = 890D25DB1DEFFDC4004B3A0E;
			remoteInfo = reBiliBili;
		};
/* End PBXContainerItemProxy section */

/* Begin PBXFileReference section */
		890D25DC1DEFFDC4004B3A0E /* reBiliBili.app */ = {isa = PBXFileReference; explicitFileType = wrapper.application; includeInIndex = 0; path = reBiliBili.app; sourceTree = BUILT_PRODUCTS_DIR; };
		890D25E01DEFFDC4004B3A0E /* main.m */ = {isa = PBXFileReference; lastKnownFileType = sourcecode.c.objc; path = main.m; sourceTree = "<group>"; };
		890D25E21DEFFDC4004B3A0E /* AppDelegate.h */ = {isa = PBXFileReference; lastKnownFileType = sourcecode.c.h; path = AppDelegate.h; sourceTree = "<group>"; };
		890D25E31DEFFDC4004B3A0E /* AppDelegate.m */ = {isa = PBXFileReference; lastKnownFileType = sourcecode.c.objc; path = AppDelegate.m; sourceTree = "<group>"; };
		890D25E51DEFFDC4004B3A0E /* ViewController.h */ = {isa = PBXFileReference; lastKnownFileType = sourcecode.c.h; path = ViewController.h; sourceTree = "<group>"; };
		890D25E61DEFFDC4004B3A0E /* ViewController.m */ = {isa = PBXFileReference; lastKnownFileType = sourcecode.c.objc; path = ViewController.m; sourceTree = "<group>"; };
		890D25E91DEFFDC4004B3A0E /* Base */ = {isa = PBXFileReference; lastKnownFileType = file.storyboard; name = Base; path = Base.lproj/Main.storyboard; sourceTree = "<group>"; };
		890D25EB1DEFFDC4004B3A0E /* Assets.xcassets */ = {isa = PBXFileReference; lastKnownFileType = folder.assetcatalog; path = Assets.xcassets; sourceTree = "<group>"; };
		890D25EE1DEFFDC4004B3A0E /* Base */ = {isa = PBXFileReference; lastKnownFileType = file.storyboard; name = Base; path = Base.lproj/LaunchScreen.storyboard; sourceTree = "<group>"; };
		890D25F01DEFFDC4004B3A0E /* Info.plist */ = {isa = PBXFileReference; lastKnownFileType = text.plist.xml; path = Info.plist; sourceTree = "<group>"; };
		890D25F51DEFFDC4004B3A0E /* reBiliBiliTests.xctest */ = {isa = PBXFileReference; explicitFileType = wrapper.cfbundle; includeInIndex = 0; path = reBiliBiliTests.xctest; sourceTree = BUILT_PRODUCTS_DIR; };
		890D25F91DEFFDC4004B3A0E /* reBiliBiliTests.m */ = {isa = PBXFileReference; lastKnownFileType = sourcecode.c.objc; path = reBiliBiliTests.m; sourceTree = "<group>"; };
		890D25FB1DEFFDC4004B3A0E /* Info.plist */ = {isa = PBXFileReference; lastKnownFileType = text.plist.xml; path = Info.plist; sourceTree = "<group>"; };
		890D26001DEFFDC4004B3A0E /* reBiliBiliUITests.xctest */ = {isa = PBXFileReference; explicitFileType = wrapper.cfbundle; includeInIndex = 0; path = reBiliBiliUITests.xctest; sourceTree = BUILT_PRODUCTS_DIR; };
		890D26041DEFFDC4004B3A0E /* reBiliBiliUITests.m */ = {isa = PBXFileReference; lastKnownFileType = sourcecode.c.objc; path = reBiliBiliUITests.m; sourceTree = "<group>"; };
		890D26061DEFFDC4004B3A0E /* Info.plist */ = {isa = PBXFileReference; lastKnownFileType = text.plist.xml; path = Info.plist; sourceTree = "<group>"; };
/* End PBXFileReference section */

/* Begin PBXFrameworksBuildPhase section */
		890D25D91DEFFDC4004B3A0E /* Frameworks */ = {
			isa = PBXFrameworksBuildPhase;
			buildActionMask = 2147483647;
			files = (
			);
			runOnlyForDeploymentPostprocessing = 0;
		};
		890D25F21DEFFDC4004B3A0E /* Frameworks */ = {
			isa = PBXFrameworksBuildPhase;
			buildActionMask = 2147483647;
			files = (
			);
			runOnlyForDeploymentPostprocessing = 0;
		};
		890D25FD1DEFFDC4004B3A0E /* Frameworks */ = {
			isa = PBXFrameworksBuildPhase;
			buildActionMask = 2147483647;
			files = (
			);
			runOnlyForDeploymentPostprocessing = 0;
		};
/* End PBXFrameworksBuildPhase section */

/* Begin PBXGroup section */
		890D25D31DEFFDC4004B3A0E = {
			isa = PBXGroup;
			children = (
				890D25DE1DEFFDC4004B3A0E /* reBiliBili */,
				890D25F81DEFFDC4004B3A0E /* reBiliBiliTests */,
				890D26031DEFFDC4004B3A0E /* reBiliBiliUITests */,
				890D25DD1DEFFDC4004B3A0E /* Products */,
			);
			sourceTree = "<group>";
		};
		890D25DD1DEFFDC4004B3A0E /* Products */ = {
			isa = PBXGroup;
			children = (
				890D25DC1DEFFDC4004B3A0E /* reBiliBili.app */,
				890D25F51DEFFDC4004B3A0E /* reBiliBiliTests.xctest */,
				890D26001DEFFDC4004B3A0E /* reBiliBiliUITests.xctest */,
			);
			name = Products;
			sourceTree = "<group>";
		};
		890D25DE1DEFFDC4004B3A0E /* reBiliBili */ = {
			isa = PBXGroup;
			children = (
				890D25E21DEFFDC4004B3A0E /* AppDelegate.h */,
				890D25E31DEFFDC4004B3A0E /* AppDelegate.m */,
				890D25E51DEFFDC4004B3A0E /* ViewController.h */,
				890D25E61DEFFDC4004B3A0E /* ViewController.m */,
				890D25E81DEFFDC4004B3A0E /* Main.storyboard */,
				890D25EB1DEFFDC4004B3A0E /* Assets.xcassets */,
				890D25ED1DEFFDC4004B3A0E /* LaunchScreen.storyboard */,
				890D25F01DEFFDC4004B3A0E /* Info.plist */,
				890D25DF1DEFFDC4004B3A0E /* Supporting Files */,
			);
			path = reBiliBili;
			sourceTree = "<group>";
		};
		890D25DF1DEFFDC4004B3A0E /* Supporting Files */ = {
			isa = PBXGroup;
			children = (
				890D25E01DEFFDC4004B3A0E /* main.m */,
			);
			name = "Supporting Files";
			sourceTree = "<group>";
		};
		890D25F81DEFFDC4004B3A0E /* reBiliBiliTests */ = {
			isa = PBXGroup;
			children = (
				890D25F91DEFFDC4004B3A0E /* reBiliBiliTests.m */,
				890D25FB1DEFFDC4004B3A0E /* Info.plist */,
			);
			path = reBiliBiliTests;
			sourceTree = "<group>";
		};
		890D26031DEFFDC4004B3A0E /* reBiliBiliUITests */ = {
			isa = PBXGroup;
			children = (
				890D26041DEFFDC4004B3A0E /* reBiliBiliUITests.m */,
				890D26061DEFFDC4004B3A0E /* Info.plist */,
			);
			path = reBiliBiliUITests;
			sourceTree = "<group>";
		};
/* End PBXGroup section */

/* Begin PBXNativeTarget section */
		890D25DB1DEFFDC4004B3A0E /* reBiliBili */ = {
			isa = PBXNativeTarget;
			buildConfigurationList = 890D26091DEFFDC4004B3A0E /* Build configuration list for PBXNativeTarget "reBiliBili" */;
			buildPhases = (
				890D25D81DEFFDC4004B3A0E /* Sources */,
				890D25D91DEFFDC4004B3A0E /* Frameworks */,
				890D25DA1DEFFDC4004B3A0E /* Resources */,
			);
			buildRules = (
			);
			dependencies = (
			);
			name = reBiliBili;
			productName = reBiliBili;
			productReference = 890D25DC1DEFFDC4004B3A0E /* reBiliBili.app */;
			productType = "com.apple.product-type.application";
		};
		890D25F41DEFFDC4004B3A0E /* reBiliBiliTests */ = {
			isa = PBXNativeTarget;
			buildConfigurationList = 890D260C1DEFFDC4004B3A0E /* Build configuration list for PBXNativeTarget "reBiliBiliTests" */;
			buildPhases = (
				890D25F11DEFFDC4004B3A0E /* Sources */,
				890D25F21DEFFDC4004B3A0E /* Frameworks */,
				890D25F31DEFFDC4004B3A0E /* Resources */,
			);
			buildRules = (
			);
			dependencies = (
				890D25F71DEFFDC4004B3A0E /* PBXTargetDependency */,
			);
			name = reBiliBiliTests;
			productName = reBiliBiliTests;
			productReference = 890D25F51DEFFDC4004B3A0E /* reBiliBiliTests.xctest */;
			productType = "com.apple.product-type.bundle.unit-test";
		};
		890D25FF1DEFFDC4004B3A0E /* reBiliBiliUITests */ = {
			isa = PBXNativeTarget;
			buildConfigurationList = 890D260F1DEFFDC4004B3A0E /* Build configuration list for PBXNativeTarget "reBiliBiliUITests" */;
			buildPhases = (
				890D25FC1DEFFDC4004B3A0E /* Sources */,
				890D25FD1DEFFDC4004B3A0E /* Frameworks */,
				890D25FE1DEFFDC4004B3A0E /* Resources */,
			);
			buildRules = (
			);
			dependencies = (
				890D26021DEFFDC4004B3A0E /* PBXTargetDependency */,
			);
			name = reBiliBiliUITests;
			productName = reBiliBiliUITests;
			productReference = 890D26001DEFFDC4004B3A0E /* reBiliBiliUITests.xctest */;
			productType = "com.apple.product-type.bundle.ui-testing";
		};
/* End PBXNativeTarget section */

/* Begin PBXProject section */
		890D25D41DEFFDC4004B3A0E /* Project object */ = {
			isa = PBXProject;
			attributes = {
				LastUpgradeCheck = 0810;
				ORGANIZATIONNAME = WYZC;
				TargetAttributes = {
					890D25DB1DEFFDC4004B3A0E = {
						CreatedOnToolsVersion = 8.1;
						ProvisioningStyle = Automatic;
					};
					890D25F41DEFFDC4004B3A0E = {
						CreatedOnToolsVersion = 8.1;
						ProvisioningStyle = Automatic;
						TestTargetID = 890D25DB1DEFFDC4004B3A0E;
					};
					890D25FF1DEFFDC4004B3A0E = {
						CreatedOnToolsVersion = 8.1;
						ProvisioningStyle = Automatic;
						TestTargetID = 890D25DB1DEFFDC4004B3A0E;
					};
				};
			};
			buildConfigurationList = 890D25D71DEFFDC4004B3A0E /* Build configuration list for PBXProject "reBiliBili" */;
			compatibilityVersion = "Xcode 3.2";
			developmentRegion = English;
			hasScannedForEncodings = 0;
			knownRegions = (
				en,
				Base,
			);
			mainGroup = 890D25D31DEFFDC4004B3A0E;
			productRefGroup = 890D25DD1DEFFDC4004B3A0E /* Products */;
			projectDirPath = "";
			projectRoot = "";
			targets = (
				890D25DB1DEFFDC4004B3A0E /* reBiliBili */,
				890D25F41DEFFDC4004B3A0E /* reBiliBiliTests */,
				890D25FF1DEFFDC4004B3A0E /* reBiliBiliUITests */,
			);
		};
/* End PBXProject section */

/* Begin PBXResourcesBuildPhase section */
		890D25DA1DEFFDC4004B3A0E /* Resources */ = {
			isa = PBXResourcesBuildPhase;
			buildActionMask = 2147483647;
			files = (
				890D25EF1DEFFDC4004B3A0E /* LaunchScreen.storyboard in Resources */,
				890D25EC1DEFFDC4004B3A0E /* Assets.xcassets in Resources */,
				890D25EA1DEFFDC4004B3A0E /* Main.storyboard in Resources */,
			);
			runOnlyForDeploymentPostprocessing = 0;
		};
		890D25F31DEFFDC4004B3A0E /* Resources */ = {
			isa = PBXResourcesBuildPhase;
			buildActionMask = 2147483647;
			files = (
			);
			runOnlyForDeploymentPostprocessing = 0;
		};
		890D25FE1DEFFDC4004B3A0E /* Resources */ = {
			isa = PBXResourcesBuildPhase;
			buildActionMask = 2147483647;
			files = (
			);
			runOnlyForDeploymentPostprocessing = 0;
		};
/* End PBXResourcesBuildPhase section */

/* Begin PBXSourcesBuildPhase section */
		890D25D81DEFFDC4004B3A0E /* Sources */ = {
			isa = PBXSourcesBuildPhase;
			buildActionMask = 2147483647;
			files = (
				890D25E71DEFFDC4004B3A0E /* ViewController.m in Sources */,
				890D25E41DEFFDC4004B3A0E /* AppDelegate.m in Sources */,
				890D25E11DEFFDC4004B3A0E /* main.m in Sources */,
			);
			runOnlyForDeploymentPostprocessing = 0;
		};
		890D25F11DEFFDC4004B3A0E /* Sources */ = {
			isa = PBXSourcesBuildPhase;
			buildActionMask = 2147483647;
			files = (
				890D25FA1DEFFDC4004B3A0E /* reBiliBiliTests.m in Sources */,
			);
			runOnlyForDeploymentPostprocessing = 0;
		};
		890D25FC1DEFFDC4004B3A0E /* Sources */ = {
			isa = PBXSourcesBuildPhase;
			buildActionMask = 2147483647;
			files = (
				890D26051DEFFDC4004B3A0E /* reBiliBiliUITests.m in Sources */,
			);
			runOnlyForDeploymentPostprocessing = 0;
		};
/* End PBXSourcesBuildPhase section */

/* Begin PBXTargetDependency section */
		890D25F71DEFFDC4004B3A0E /* PBXTargetDependency */ = {
			isa = PBXTargetDependency;
			target = 890D25DB1DEFFDC4004B3A0E /* reBiliBili */;
			targetProxy = 890D25F61DEFFDC4004B3A0E /* PBXContainerItemProxy */;
		};
		890D26021DEFFDC4004B3A0E /* PBXTargetDependency */ = {
			isa = PBXTargetDependency;
			target = 890D25DB1DEFFDC4004B3A0E /* reBiliBili */;
			targetProxy = 890D26011DEFFDC4004B3A0E /* PBXContainerItemProxy */;
		};
/* End PBXTargetDependency section */

/* Begin PBXVariantGroup section */
		890D25E81DEFFDC4004B3A0E /* Main.storyboard */ = {
			isa = PBXVariantGroup;
			children = (
				890D25E91DEFFDC4004B3A0E /* Base */,
			);
			name = Main.storyboard;
			sourceTree = "<group>";
		};
		890D25ED1DEFFDC4004B3A0E /* LaunchScreen.storyboard */ = {
			isa = PBXVariantGroup;
			children = (
				890D25EE1DEFFDC4004B3A0E /* Base */,
			);
			name = LaunchScreen.storyboard;
			sourceTree = "<group>";
		};
/* End PBXVariantGroup section */

/* Begin XCBuildConfiguration section */
		890D26071DEFFDC4004B3A0E /* Debug */ = {
			isa = XCBuildConfiguration;
			buildSettings = {
				ALWAYS_SEARCH_USER_PATHS = NO;
				CLANG_ANALYZER_NONNULL = YES;
				CLANG_CXX_LANGUAGE_STANDARD = "gnu++0x";
				CLANG_CXX_LIBRARY = "libc++";
				CLANG_ENABLE_MODULES = YES;
				CLANG_ENABLE_OBJC_ARC = YES;
				CLANG_WARN_BOOL_CONVERSION = YES;
				CLANG_WARN_CONSTANT_CONVERSION = YES;
				CLANG_WARN_DIRECT_OBJC_ISA_USAGE = YES_ERROR;
				CLANG_WARN_DOCUMENTATION_COMMENTS = YES;
				CLANG_WARN_EMPTY_BODY = YES;
				CLANG_WARN_ENUM_CONVERSION = YES;
				CLANG_WARN_INFINITE_RECURSION = YES;
				CLANG_WARN_INT_CONVERSION = YES;
				CLANG_WARN_OBJC_ROOT_CLASS = YES_ERROR;
				CLANG_WARN_SUSPICIOUS_MOVES = YES;
				CLANG_WARN_UNREACHABLE_CODE = YES;
				CLANG_WARN__DUPLICATE_METHOD_MATCH = YES;
				"CODE_SIGN_IDENTITY[sdk=iphoneos*]" = "iPhone Developer";
				COPY_PHASE_STRIP = NO;
				DEBUG_INFORMATION_FORMAT = dwarf;
				ENABLE_STRICT_OBJC_MSGSEND = YES;
				ENABLE_TESTABILITY = YES;
				GCC_C_LANGUAGE_STANDARD = gnu99;
				GCC_DYNAMIC_NO_PIC = NO;
				GCC_NO_COMMON_BLOCKS = YES;
				GCC_OPTIMIZATION_LEVEL = 0;
				GCC_PREPROCESSOR_DEFINITIONS = (
					"DEBUG=1",
					"$(inherited)",
				);
				GCC_WARN_64_TO_32_BIT_CONVERSION = YES;
				GCC_WARN_ABOUT_RETURN_TYPE = YES_ERROR;
				GCC_WARN_UNDECLARED_SELECTOR = YES;
				GCC_WARN_UNINITIALIZED_AUTOS = YES_AGGRESSIVE;
				GCC_WARN_UNUSED_FUNCTION = YES;
				GCC_WARN_UNUSED_VARIABLE = YES;
				IPHONEOS_DEPLOYMENT_TARGET = 10.1;
				MTL_ENABLE_DEBUG_INFO = YES;
				ONLY_ACTIVE_ARCH = YES;
				SDKROOT = iphoneos;
				TARGETED_DEVICE_FAMILY = "1,2";
			};
			name = Debug;
		};
		890D26081DEFFDC4004B3A0E /* Release */ = {
			isa = XCBuildConfiguration;
			buildSettings = {
				ALWAYS_SEARCH_USER_PATHS = NO;
				CLANG_ANALYZER_NONNULL = YES;
				CLANG_CXX_LANGUAGE_STANDARD = "gnu++0x";
				CLANG_CXX_LIBRARY = "libc++";
				CLANG_ENABLE_MODULES = YES;
				CLANG_ENABLE_OBJC_ARC = YES;
				CLANG_WARN_BOOL_CONVERSION = YES;
				CLANG_WARN_CONSTANT_CONVERSION = YES;
				CLANG_WARN_DIRECT_OBJC_ISA_USAGE = YES_ERROR;
				CLANG_WARN_DOCUMENTATION_COMMENTS = YES;
				CLANG_WARN_EMPTY_BODY = YES;
				CLANG_WARN_ENUM_CONVERSION = YES;
				CLANG_WARN_INFINITE_RECURSION = YES;
				CLANG_WARN_INT_CONVERSION = YES;
				CLANG_WARN_OBJC_ROOT_CLASS = YES_ERROR;
				CLANG_WARN_SUSPICIOUS_MOVES = YES;
				CLANG_WARN_UNREACHABLE_CODE = YES;
				CLANG_WARN__DUPLICATE_METHOD_MATCH = YES;
				"CODE_SIGN_IDENTITY[sdk=iphoneos*]" = "iPhone Developer";
				COPY_PHASE_STRIP = NO;
				DEBUG_INFORMATION_FORMAT = "dwarf-with-dsym";
				ENABLE_NS_ASSERTIONS = NO;
				ENABLE_STRICT_OBJC_MSGSEND = YES;
				GCC_C_LANGUAGE_STANDARD = gnu99;
				GCC_NO_COMMON_BLOCKS = YES;
				GCC_WARN_64_TO_32_BIT_CONVERSION = YES;
				GCC_WARN_ABOUT_RETURN_TYPE = YES_ERROR;
				GCC_WARN_UNDECLARED_SELECTOR = YES;
				GCC_WARN_UNINITIALIZED_AUTOS = YES_AGGRESSIVE;
				GCC_WARN_UNUSED_FUNCTION = YES;
				GCC_WARN_UNUSED_VARIABLE = YES;
				IPHONEOS_DEPLOYMENT_TARGET = 10.1;
				MTL_ENABLE_DEBUG_INFO = NO;
				SDKROOT = iphoneos;
				TARGETED_DEVICE_FAMILY = "1,2";
				VALIDATE_PRODUCT = YES;
			};
			name = Release;
		};
		890D260A1DEFFDC4004B3A0E /* Debug */ = {
			isa = XCBuildConfiguration;
			buildSettings = {
				ASSETCATALOG_COMPILER_APPICON_NAME = AppIcon;
				INFOPLIST_FILE = reBiliBili/Info.plist;
				LD_RUNPATH_SEARCH_PATHS = "$(inherited) @executable_path/Frameworks";
				PRODUCT_BUNDLE_IDENTIFIER = com.wyzc.www.reBiliBili;
				PRODUCT_NAME = "$(TARGET_NAME)";
			};
			name = Debug;
		};
		890D260B1DEFFDC4004B3A0E /* Release */ = {
			isa = XCBuildConfiguration;
			buildSettings = {
				ASSETCATALOG_COMPILER_APPICON_NAME = AppIcon;
				INFOPLIST_FILE = reBiliBili/Info.plist;
				LD_RUNPATH_SEARCH_PATHS = "$(inherited) @executable_path/Frameworks";
				PRODUCT_BUNDLE_IDENTIFIER = com.wyzc.www.reBiliBili;
				PRODUCT_NAME = "$(TARGET_NAME)";
			};
			name = Release;
		};
		890D260D1DEFFDC4004B3A0E /* Debug */ = {
			isa = XCBuildConfiguration;
			buildSettings = {
				BUNDLE_LOADER = "$(TEST_HOST)";
				INFOPLIST_FILE = reBiliBiliTests/Info.plist;
				LD_RUNPATH_SEARCH_PATHS = "$(inherited) @executable_path/Frameworks @loader_path/Frameworks";
				PRODUCT_BUNDLE_IDENTIFIER = com.wyzc.www.reBiliBiliTests;
				PRODUCT_NAME = "$(TARGET_NAME)";
				TEST_HOST = "$(BUILT_PRODUCTS_DIR)/reBiliBili.app/reBiliBili";
			};
			name = Debug;
		};
		890D260E1DEFFDC4004B3A0E /* Release */ = {
			isa = XCBuildConfiguration;
			buildSettings = {
				BUNDLE_LOADER = "$(TEST_HOST)";
				INFOPLIST_FILE = reBiliBiliTests/Info.plist;
				LD_RUNPATH_SEARCH_PATHS = "$(inherited) @executable_path/Frameworks @loader_path/Frameworks";
				PRODUCT_BUNDLE_IDENTIFIER = com.wyzc.www.reBiliBiliTests;
				PRODUCT_NAME = "$(TARGET_NAME)";
				TEST_HOST = "$(BUILT_PRODUCTS_DIR)/reBiliBili.app/reBiliBili";
			};
			name = Release;
		};
		890D26101DEFFDC4004B3A0E /* Debug */ = {
			isa = XCBuildConfiguration;
			buildSettings = {
				INFOPLIST_FILE = reBiliBiliUITests/Info.plist;
				LD_RUNPATH_SEARCH_PATHS = "$(inherited) @executable_path/Frameworks @loader_path/Frameworks";
				PRODUCT_BUNDLE_IDENTIFIER = com.wyzc.www.reBiliBiliUITests;
				PRODUCT_NAME = "$(TARGET_NAME)";
				TEST_TARGET_NAME = reBiliBili;
			};
			name = Debug;
		};
		890D26111DEFFDC4004B3A0E /* Release */ = {
			isa = XCBuildConfiguration;
			buildSettings = {
				INFOPLIST_FILE = reBiliBiliUITests/Info.plist;
				LD_RUNPATH_SEARCH_PATHS = "$(inherited) @executable_path/Frameworks @loader_path/Frameworks";
				PRODUCT_BUNDLE_IDENTIFIER = com.wyzc.www.reBiliBiliUITests;
				PRODUCT_NAME = "$(TARGET_NAME)";
				TEST_TARGET_NAME = reBiliBili;
			};
			name = Release;
		};
/* End XCBuildConfiguration section */

/* Begin XCConfigurationList section */
		890D25D71DEFFDC4004B3A0E /* Build configuration list for PBXProject "reBiliBili" */ = {
			isa = XCConfigurationList;
			buildConfigurations = (
				890D26071DEFFDC4004B3A0E /* Debug */,
				890D26081DEFFDC4004B3A0E /* Release */,
			);
			defaultConfigurationIsVisible = 0;
			defaultConfigurationName = Release;
		};
		890D26091DEFFDC4004B3A0E /* Build configuration list for PBXNativeTarget "reBiliBili" */ = {
			isa = XCConfigurationList;
			buildConfigurations = (
				890D260A1DEFFDC4004B3A0E /* Debug */,
				890D260B1DEFFDC4004B3A0E /* Release */,
			);
			defaultConfigurationIsVisible = 0;
		};
		890D260C1DEFFDC4004B3A0E /* Build configuration list for PBXNativeTarget "reBiliBiliTests" */ = {
			isa = XCConfigurationList;
			buildConfigurations = (
				890D260D1DEFFDC4004B3A0E /* Debug */,
				890D260E1DEFFDC4004B3A0E /* Release */,
			);
			defaultConfigurationIsVisible = 0;
		};
		890D260F1DEFFDC4004B3A0E /* Build configuration list for PBXNativeTarget "reBiliBiliUITests" */ = {
			isa = XCConfigurationList;
			buildConfigurations = (
				890D26101DEFFDC4004B3A0E /* Debug */,
				890D26111DEFFDC4004B3A0E /* Release */,
			);
			defaultConfigurationIsVisible = 0;
		};
/* End XCConfigurationList section */
	};
	rootObject = 890D25D41DEFFDC4004B3A0E /* Project object */;
}
